
Microsoft Visual Studio Solution File, Format Version 12.00
# Visual Studio Version 17
VisualStudioVersion = 17.1.32328.378
MinimumVisualStudioVersion = 10.0.40219.1
Project("{2150E333-8FDC-42A3-9474-1A3956D46DE8}") = "src", "src", "{ABE4A31A-0BD0-47F8-80B6-EFE5D60AB132}"
EndProject
Project("{FAE04EC0-301F-11D3-BF4B-00C04F79EFBC}") = "OpenApExperiments", "src\OpenApExperiments\OpenApExperiments.csproj", "{0883CB5F-E5F5-45AE-AFC5-5CD645203565}"
EndProject
Global
	GlobalSection(SolutionConfigurationPlatforms) = preSolution
		Debug|Any CPU = Debug|Any CPU
		Release|Any CPU = Release|Any CPU
	EndGlobalSection
	GlobalSection(ProjectConfigurationPlatforms) = postSolution
		{0883CB5F-E5F5-45AE-AFC5-5CD645203565}.Debug|Any CPU.ActiveCfg = Debug|Any CPU
		{0883CB5F-E5F5-45AE-AFC5-5CD645203565}.Debug|Any CPU.Build.0 = Debug|Any CPU
		{0883CB5F-E5F5-45AE-AFC5-5CD645203565}.Release|Any CPU.ActiveCfg = Release|Any CPU
		{0883CB5F-E5F5-45AE-AFC5-5CD645203565}.Release|Any CPU.Build.0 = Release|Any CPU
	EndGlobalSection
	GlobalSection(SolutionProperties) = preSolution
		HideSolutionNode = FALSE
	EndGlobalSection
	GlobalSection(NestedProjects) = preSolution
		{0883CB5F-E5F5-45AE-AFC5-5CD645203565} = {ABE4A31A-0BD0-47F8-80B6-EFE5D60AB132}
	EndGlobalSection
	GlobalSection(ExtensibilityGlobals) = postSolution
		SolutionGuid = {8B0B9D77-0718-4BDD-BE43-2DF9DA855FE3}
	EndGlobalSection
EndGlobal
